{
  "name": "@synerty/peek-util",
  "version": "0.5.5",
  "lockfileVersion": 1,
  "requires": true,
  "dependencies": {
    "@angular/common": {
      "version": "4.3.6",
      "resolved": "https://registry.npmjs.org/@angular/common/-/common-4.3.6.tgz",
      "integrity": "sha1-7TfpMHx1Bt2DR5fBps9nXlK1tu4=",
      "requires": {
        "tslib": "1.7.1"
      }
    },
    "@angular/core": {
      "version": "4.3.6",
      "resolved": "https://registry.npmjs.org/@angular/core/-/core-4.3.6.tgz",
      "integrity": "sha1-u6xj1o0Pe8s4nRKzQghlK+MofpY=",
      "requires": {
        "tslib": "1.7.1"
      }
    },
    "@angular/router": {
      "version": "4.3.6",
      "resolved": "https://registry.npmjs.org/@angular/router/-/router-4.3.6.tgz",
      "integrity": "sha1-ZAM+20/NoIoyPnUztKGCDA8o0TA=",
      "requires": {
        "tslib": "1.7.1"
      }
    },
    "angular-font-awesome": {
      "version": "2.0.3",
      "resolved": "https://registry.npmjs.org/angular-font-awesome/-/angular-font-awesome-2.0.3.tgz",
      "integrity": "sha1-38c/LpisDrvNb+JbJ6UtRwBTVpo=",
      "requires": {
        "font-awesome": "4.7.0"
      }
    },
    "file-system": {
      "version": "2.2.2",
      "resolved": "https://registry.npmjs.org/file-system/-/file-system-2.2.2.tgz",
      "integrity": "sha1-fWWDPjojR9zZVqgTxncVPtPt2Yc=",
      "requires": {
        "file-match": "1.0.2",
        "utils-extend": "1.0.8"
      },
      "dependencies": {
        "file-match": {
          "version": "1.0.2",
          "resolved": "https://registry.npmjs.org/file-match/-/file-match-1.0.2.tgz",
          "integrity": "sha1-ycrSZdLIrfOoFHWw30dYWQafrvc=",
          "requires": {
            "utils-extend": "1.0.8"
          }
        },
        "utils-extend": {
          "version": "1.0.8",
          "resolved": "https://registry.npmjs.org/utils-extend/-/utils-extend-1.0.8.tgz",
          "integrity": "sha1-zP17ZFQPjpDuIe7Fd2nQZRyril8="
        }
      }
    },
    "font-awesome": {
      "version": "4.7.0",
      "resolved": "https://registry.npmjs.org/font-awesome/-/font-awesome-4.7.0.tgz",
      "integrity": "sha1-j6jPBBGhoxr9B7BtKQK7n8gVoTM="
    },
    "rxjs": {
      "version": "5.4.3",
      "resolved": "https://registry.npmjs.org/rxjs/-/rxjs-5.4.3.tgz",
      "integrity": "sha512-fSNi+y+P9ss+EZuV0GcIIqPUK07DEaMRUtLJvdcvMyFjc9dizuDjere+A4V7JrLGnm9iCc+nagV/4QdMTkqC4A==",
      "requires": {
        "symbol-observable": "1.0.4"
      },
      "dependencies": {
        "symbol-observable": {
          "version": "1.0.4",
          "resolved": "https://registry.npmjs.org/symbol-observable/-/symbol-observable-1.0.4.tgz",
          "integrity": "sha1-Kb9hXUqnEhvdiYsi1LP5vE4qoD0="
        }
      }
    },
    "ts-md5": {
      "version": "1.2.0",
      "resolved": "https://registry.npmjs.org/ts-md5/-/ts-md5-1.2.0.tgz",
      "integrity": "sha1-wws4UmG9J5YvdUUJZ18OlXiBBWk="
    },
    "tslib": {
      "version": "1.7.1",
      "resolved": "https://registry.npmjs.org/tslib/-/tslib-1.7.1.tgz",
      "integrity": "sha1-vIAEFkaRkjp5/oN4u+s9ogF1OOw="
    },
    "zone.js": {
      "version": "0.8.17",
      "resolved": "https://registry.npmjs.org/zone.js/-/zone.js-0.8.17.tgz",
      "integrity": "sha1-TF5RhahX2o2nk9rzkZNxxaNrKgs="
    }
  }
}
